// !$*UTF8*$!
{
	archiveVersion = 1;
	classes = {
	};
	objectVersion = 50;
	objects = {

/* Begin PBXBuildFile section */
		24293E69219924C0008958B6 /* AppDelegate.m in Sources */ = {isa = PBXBuildFile; fileRef = 24293E68219924C0008958B6 /* AppDelegate.m */; };
		24293E71219924C2008958B6 /* Assets.xcassets in Resources */ = {isa = PBXBuildFile; fileRef = 24293E70219924C2008958B6 /* Assets.xcassets */; };
		24293E77219924C2008958B6 /* main.m in Sources */ = {isa = PBXBuildFile; fileRef = 24293E76219924C2008958B6 /* main.m */; };
		24293E7F21992562008958B6 /* XNGVideoEditVC.m in Sources */ = {isa = PBXBuildFile; fileRef = 24293E7E21992562008958B6 /* XNGVideoEditVC.m */; };
		24293E8221995F85008958B6 /* XNGPlayerView.m in Sources */ = {isa = PBXBuildFile; fileRef = 24293E8121995F85008958B6 /* XNGPlayerView.m */; };
		24293E8621997207008958B6 /* XNGVoiceConfigView.m in Sources */ = {isa = PBXBuildFile; fileRef = 24293E8521997207008958B6 /* XNGVoiceConfigView.m */; };
		24293E8E21997739008958B6 /* XNGVoiceConfigView.xib in Resources */ = {isa = PBXBuildFile; fileRef = 24293E8D21997739008958B6 /* XNGVoiceConfigView.xib */; };
		24293E95219993D6008958B6 /* XNGVideoEditNavVC.m in Sources */ = {isa = PBXBuildFile; fileRef = 24293E94219993D6008958B6 /* XNGVideoEditNavVC.m */; };
		24293E9C219A80AD008958B6 /* XNGVideoClipViewCell.m in Sources */ = {isa = PBXBuildFile; fileRef = 24293E9B219A80AD008958B6 /* XNGVideoClipViewCell.m */; };
		24293EA7219B09AC008958B6 /* XNGVideoEditTabView.m in Sources */ = {isa = PBXBuildFile; fileRef = 24293EA6219B09AC008958B6 /* XNGVideoEditTabView.m */; };
		24293EA9219B09BF008958B6 /* XNGVideoEditTabView.xib in Resources */ = {isa = PBXBuildFile; fileRef = 24293EA8219B09BF008958B6 /* XNGVideoEditTabView.xib */; };
		242AA82B219D5E2B0053680E /* XNGNewVideoClipView.m in Sources */ = {isa = PBXBuildFile; fileRef = 242AA82A219D5E2B0053680E /* XNGNewVideoClipView.m */; };
		242AA82D219D5E3C0053680E /* XNGNewVideoClipView.xib in Resources */ = {isa = PBXBuildFile; fileRef = 242AA82C219D5E3C0053680E /* XNGNewVideoClipView.xib */; };
		B1E2D117AD383D501E582F2A /* libPods-VideoEditDemo.a in Frameworks */ = {isa = PBXBuildFile; fileRef = 1A0F0CE346FA6923FAD5EEEF /* libPods-VideoEditDemo.a */; };
/* End PBXBuildFile section */

/* Begin PBXFileReference section */
		1A0F0CE346FA6923FAD5EEEF /* libPods-VideoEditDemo.a */ = {isa = PBXFileReference; explicitFileType = archive.ar; includeInIndex = 0; path = "libPods-VideoEditDemo.a"; sourceTree = BUILT_PRODUCTS_DIR; };
		24293E64219924C0008958B6 /* VideoEditDemo.app */ = {isa = PBXFileReference; explicitFileType = wrapper.application; includeInIndex = 0; path = VideoEditDemo.app; sourceTree = BUILT_PRODUCTS_DIR; };
		24293E67219924C0008958B6 /* AppDelegate.h */ = {isa = PBXFileReference; lastKnownFileType = sourcecode.c.h; path = AppDelegate.h; sourceTree = "<group>"; };
		24293E68219924C0008958B6 /* AppDelegate.m */ = {isa = PBXFileReference; lastKnownFileType = sourcecode.c.objc; path = AppDelegate.m; sourceTree = "<group>"; };
		24293E70219924C2008958B6 /* Assets.xcassets */ = {isa = PBXFileReference; lastKnownFileType = folder.assetcatalog; path = Assets.xcassets; sourceTree = "<group>"; };
		24293E75219924C2008958B6 /* Info.plist */ = {isa = PBXFileReference; lastKnownFileType = text.plist.xml; path = Info.plist; sourceTree = "<group>"; };
		24293E76219924C2008958B6 /* main.m */ = {isa = PBXFileReference; lastKnownFileType = sourcecode.c.objc; path = main.m; sourceTree = "<group>"; };
		24293E7D21992562008958B6 /* XNGVideoEditVC.h */ = {isa = PBXFileReference; lastKnownFileType = sourcecode.c.h; path = XNGVideoEditVC.h; sourceTree = "<group>"; };
		24293E7E21992562008958B6 /* XNGVideoEditVC.m */ = {isa = PBXFileReference; lastKnownFileType = sourcecode.c.objc; path = XNGVideoEditVC.m; sourceTree = "<group>"; };
		24293E8021995F85008958B6 /* XNGPlayerView.h */ = {isa = PBXFileReference; lastKnownFileType = sourcecode.c.h; path = XNGPlayerView.h; sourceTree = "<group>"; };
		24293E8121995F85008958B6 /* XNGPlayerView.m */ = {isa = PBXFileReference; lastKnownFileType = sourcecode.c.objc; path = XNGPlayerView.m; sourceTree = "<group>"; };
		24293E8421997207008958B6 /* XNGVoiceConfigView.h */ = {isa = PBXFileReference; lastKnownFileType = sourcecode.c.h; path = XNGVoiceConfigView.h; sourceTree = "<group>"; };
		24293E8521997207008958B6 /* XNGVoiceConfigView.m */ = {isa = PBXFileReference; lastKnownFileType = sourcecode.c.objc; path = XNGVoiceConfigView.m; sourceTree = "<group>"; };
		24293E8D21997739008958B6 /* XNGVoiceConfigView.xib */ = {isa = PBXFileReference; lastKnownFileType = file.xib; path = XNGVoiceConfigView.xib; sourceTree = "<group>"; };
		24293E93219993D6008958B6 /* XNGVideoEditNavVC.h */ = {isa = PBXFileReference; lastKnownFileType = sourcecode.c.h; path = XNGVideoEditNavVC.h; sourceTree = "<group>"; };
		24293E94219993D6008958B6 /* XNGVideoEditNavVC.m */ = {isa = PBXFileReference; lastKnownFileType = sourcecode.c.objc; path = XNGVideoEditNavVC.m; sourceTree = "<group>"; };
		24293E9921999A1E008958B6 /* XNGVideoEdit-Prefix.pch */ = {isa = PBXFileReference; lastKnownFileType = sourcecode.c.h; path = "XNGVideoEdit-Prefix.pch"; sourceTree = "<group>"; };
		24293E9A219A80AD008958B6 /* XNGVideoClipViewCell.h */ = {isa = PBXFileReference; lastKnownFileType = sourcecode.c.h; path = XNGVideoClipViewCell.h; sourceTree = "<group>"; };
		24293E9B219A80AD008958B6 /* XNGVideoClipViewCell.m */ = {isa = PBXFileReference; lastKnownFileType = sourcecode.c.objc; path = XNGVideoClipViewCell.m; sourceTree = "<group>"; };
		24293EA5219B09AC008958B6 /* XNGVideoEditTabView.h */ = {isa = PBXFileReference; lastKnownFileType = sourcecode.c.h; path = XNGVideoEditTabView.h; sourceTree = "<group>"; };
		24293EA6219B09AC008958B6 /* XNGVideoEditTabView.m */ = {isa = PBXFileReference; lastKnownFileType = sourcecode.c.objc; path = XNGVideoEditTabView.m; sourceTree = "<group>"; };
		24293EA8219B09BF008958B6 /* XNGVideoEditTabView.xib */ = {isa = PBXFileReference; lastKnownFileType = file.xib; path = XNGVideoEditTabView.xib; sourceTree = "<group>"; };
		242AA829219D5E2B0053680E /* XNGNewVideoClipView.h */ = {isa = PBXFileReference; lastKnownFileType = sourcecode.c.h; path = XNGNewVideoClipView.h; sourceTree = "<group>"; };
		242AA82A219D5E2B0053680E /* XNGNewVideoClipView.m */ = {isa = PBXFileReference; lastKnownFileType = sourcecode.c.objc; path = XNGNewVideoClipView.m; sourceTree = "<group>"; };
		242AA82C219D5E3C0053680E /* XNGNewVideoClipView.xib */ = {isa = PBXFileReference; lastKnownFileType = file.xib; path = XNGNewVideoClipView.xib; sourceTree = "<group>"; };
		6D95C06EDDA4DA362899B82E /* Pods-VideoEditDemo.debug.xcconfig */ = {isa = PBXFileReference; includeInIndex = 1; lastKnownFileType = text.xcconfig; name = "Pods-VideoEditDemo.debug.xcconfig"; path = "Pods/Target Support Files/Pods-VideoEditDemo/Pods-VideoEditDemo.debug.xcconfig"; sourceTree = "<group>"; };
		FE9CF6DD108381652B331000 /* Pods-VideoEditDemo.release.xcconfig */ = {isa = PBXFileReference; includeInIndex = 1; lastKnownFileType = text.xcconfig; name = "Pods-VideoEditDemo.release.xcconfig"; path = "Pods/Target Support Files/Pods-VideoEditDemo/Pods-VideoEditDemo.release.xcconfig"; sourceTree = "<group>"; };
/* End PBXFileReference section */

/* Begin PBXFrameworksBuildPhase section */
		24293E61219924C0008958B6 /* Frameworks */ = {
			isa = PBXFrameworksBuildPhase;
			buildActionMask = 2147483647;
			files = (
				B1E2D117AD383D501E582F2A /* libPods-VideoEditDemo.a in Frameworks */,
			);
			runOnlyForDeploymentPostprocessing = 0;
		};
/* End PBXFrameworksBuildPhase section */

/* Begin PBXGroup section */
		200D32FC82E7527283AC40EA /* Frameworks */ = {
			isa = PBXGroup;
			children = (
				1A0F0CE346FA6923FAD5EEEF /* libPods-VideoEditDemo.a */,
			);
			name = Frameworks;
			sourceTree = "<group>";
		};
		24293E5B219924C0008958B6 = {
			isa = PBXGroup;
			children = (
				24293E66219924C0008958B6 /* VideoEditDemo */,
				24293E65219924C0008958B6 /* Products */,
				D8914943FE2B70EFE67E4EDC /* Pods */,
				200D32FC82E7527283AC40EA /* Frameworks */,
			);
			sourceTree = "<group>";
		};
		24293E65219924C0008958B6 /* Products */ = {
			isa = PBXGroup;
			children = (
				24293E64219924C0008958B6 /* VideoEditDemo.app */,
			);
			name = Products;
			sourceTree = "<group>";
		};
		24293E66219924C0008958B6 /* VideoEditDemo */ = {
			isa = PBXGroup;
			children = (
				24293E67219924C0008958B6 /* AppDelegate.h */,
				24293E68219924C0008958B6 /* AppDelegate.m */,
				24293E8021995F85008958B6 /* XNGPlayerView.h */,
				24293E8121995F85008958B6 /* XNGPlayerView.m */,
				24293E8421997207008958B6 /* XNGVoiceConfigView.h */,
				24293E8521997207008958B6 /* XNGVoiceConfigView.m */,
				24293E8D21997739008958B6 /* XNGVoiceConfigView.xib */,
				24293E9A219A80AD008958B6 /* XNGVideoClipViewCell.h */,
				24293E9B219A80AD008958B6 /* XNGVideoClipViewCell.m */,
				242AA829219D5E2B0053680E /* XNGNewVideoClipView.h */,
				242AA82A219D5E2B0053680E /* XNGNewVideoClipView.m */,
				242AA82C219D5E3C0053680E /* XNGNewVideoClipView.xib */,
				24293EA5219B09AC008958B6 /* XNGVideoEditTabView.h */,
				24293EA6219B09AC008958B6 /* XNGVideoEditTabView.m */,
				24293EA8219B09BF008958B6 /* XNGVideoEditTabView.xib */,
				24293E7D21992562008958B6 /* XNGVideoEditVC.h */,
				24293E7E21992562008958B6 /* XNGVideoEditVC.m */,
				24293E93219993D6008958B6 /* XNGVideoEditNavVC.h */,
				24293E94219993D6008958B6 /* XNGVideoEditNavVC.m */,
				24293E9921999A1E008958B6 /* XNGVideoEdit-Prefix.pch */,
				24293E70219924C2008958B6 /* Assets.xcassets */,
				24293E75219924C2008958B6 /* Info.plist */,
				24293E76219924C2008958B6 /* main.m */,
			);
			path = VideoEditDemo;
			sourceTree = "<group>";
		};
		D8914943FE2B70EFE67E4EDC /* Pods */ = {
			isa = PBXGroup;
			children = (
				6D95C06EDDA4DA362899B82E /* Pods-VideoEditDemo.debug.xcconfig */,
				FE9CF6DD108381652B331000 /* Pods-VideoEditDemo.release.xcconfig */,
			);
			name = Pods;
			sourceTree = "<group>";
		};
/* End PBXGroup section */

/* Begin PBXNativeTarget section */
		24293E63219924C0008958B6 /* VideoEditDemo */ = {
			isa = PBXNativeTarget;
			buildConfigurationList = 24293E7A219924C2008958B6 /* Build configuration list for PBXNativeTarget "VideoEditDemo" */;
			buildPhases = (
				88B1E9910C530168848C006E /* [CP] Check Pods Manifest.lock */,
				24293E60219924C0008958B6 /* Sources */,
				24293E61219924C0008958B6 /* Frameworks */,
				24293E62219924C0008958B6 /* Resources */,
			);
			buildRules = (
			);
			dependencies = (
			);
			name = VideoEditDemo;
			productName = VideoEditDemo;
			productReference = 24293E64219924C0008958B6 /* VideoEditDemo.app */;
			productType = "com.apple.product-type.application";
		};
/* End PBXNativeTarget section */

/* Begin PBXProject section */
		24293E5C219924C0008958B6 /* Project object */ = {
			isa = PBXProject;
			attributes = {
				LastUpgradeCheck = 0940;
				ORGANIZATIONNAME = "吴吟迪";
				TargetAttributes = {
					24293E63219924C0008958B6 = {
						CreatedOnToolsVersion = 9.4.1;
					};
				};
			};
			buildConfigurationList = 24293E5F219924C0008958B6 /* Build configuration list for PBXProject "VideoEditDemo" */;
			compatibilityVersion = "Xcode 9.3";
			developmentRegion = en;
			hasScannedForEncodings = 0;
			knownRegions = (
				en,
				Base,
			);
			mainGroup = 24293E5B219924C0008958B6;
			productRefGroup = 24293E65219924C0008958B6 /* Products */;
			projectDirPath = "";
			projectRoot = "";
			targets = (
				24293E63219924C0008958B6 /* VideoEditDemo */,
			);
		};
/* End PBXProject section */

/* Begin PBXResourcesBuildPhase section */
		24293E62219924C0008958B6 /* Resources */ = {
			isa = PBXResourcesBuildPhase;
			buildActionMask = 2147483647;
			files = (
				24293EA9219B09BF008958B6 /* XNGVideoEditTabView.xib in Resources */,
				24293E71219924C2008958B6 /* Assets.xcassets in Resources */,
				242AA82D219D5E3C0053680E /* XNGNewVideoClipView.xib in Resources */,
				24293E8E21997739008958B6 /* XNGVoiceConfigView.xib in Resources */,
			);
			runOnlyForDeploymentPostprocessing = 0;
		};
/* End PBXResourcesBuildPhase section */

/* Begin PBXShellScriptBuildPhase section */
		88B1E9910C530168848C006E /* [CP] Check Pods Manifest.lock */ = {
			isa = PBXShellScriptBuildPhase;
			buildActionMask = 2147483647;
			files = (
			);
			inputPaths = (
				"${PODS_PODFILE_DIR_PATH}/Podfile.lock",
				"${PODS_ROOT}/Manifest.lock",
			);
			name = "[CP] Check Pods Manifest.lock";
			outputPaths = (
				"$(DERIVED_FILE_DIR)/Pods-VideoEditDemo-checkManifestLockResult.txt",
			);
			runOnlyForDeploymentPostprocessing = 0;
			shellPath = /bin/sh;
			shellScript = "diff \"${PODS_PODFILE_DIR_PATH}/Podfile.lock\" \"${PODS_ROOT}/Manifest.lock\" > /dev/null\nif [ $? != 0 ] ; then\n    # print error to STDERR\n    echo \"error: The sandbox is not in sync with the Podfile.lock. Run 'pod install' or update your CocoaPods installation.\" >&2\n    exit 1\nfi\n# This output is used by Xcode 'outputs' to avoid re-running this script phase.\necho \"SUCCESS\" > \"${SCRIPT_OUTPUT_FILE_0}\"\n";
			showEnvVarsInLog = 0;
		};
/* End PBXShellScriptBuildPhase section */

/* Begin PBXSourcesBuildPhase section */
		24293E60219924C0008958B6 /* Sources */ = {
			isa = PBXSourcesBuildPhase;
			buildActionMask = 2147483647;
			files = (
				24293E95219993D6008958B6 /* XNGVideoEditNavVC.m in Sources */,
				24293E77219924C2008958B6 /* main.m in Sources */,
				24293E69219924C0008958B6 /* AppDelegate.m in Sources */,
				24293E8621997207008958B6 /* XNGVoiceConfigView.m in Sources */,
				24293E9C219A80AD008958B6 /* XNGVideoClipViewCell.m in Sources */,
				242AA82B219D5E2B0053680E /* XNGNewVideoClipView.m in Sources */,
				24293E7F21992562008958B6 /* XNGVideoEditVC.m in Sources */,
				24293EA7219B09AC008958B6 /* XNGVideoEditTabView.m in Sources */,
				24293E8221995F85008958B6 /* XNGPlayerView.m in Sources */,
			);
			runOnlyForDeploymentPostprocessing = 0;
		};
/* End PBXSourcesBuildPhase section */

/* Begin XCBuildConfiguration section */
		24293E78219924C2008958B6 /* Debug */ = {
			isa = XCBuildConfiguration;
			buildSettings = {
				ALWAYS_SEARCH_USER_PATHS = NO;
				CLANG_ANALYZER_NONNULL = YES;
				CLANG_ANALYZER_NUMBER_OBJECT_CONVERSION = YES_AGGRESSIVE;
				CLANG_CXX_LANGUAGE_STANDARD = "gnu++14";
				CLANG_CXX_LIBRARY = "libc++";
				CLANG_ENABLE_MODULES = YES;
				CLANG_ENABLE_OBJC_ARC = YES;
				CLANG_ENABLE_OBJC_WEAK = YES;
				CLANG_WARN_BLOCK_CAPTURE_AUTORELEASING = YES;
				CLANG_WARN_BOOL_CONVERSION = YES;
				CLANG_WARN_COMMA = YES;
				CLANG_WARN_CONSTANT_CONVERSION = YES;
				CLANG_WARN_DEPRECATED_OBJC_IMPLEMENTATIONS = YES;
				CLANG_WARN_DIRECT_OBJC_ISA_USAGE = YES_ERROR;
				CLANG_WARN_DOCUMENTATION_COMMENTS = YES;
				CLANG_WARN_EMPTY_BODY = YES;
				CLANG_WARN_ENUM_CONVERSION = YES;
				CLANG_WARN_INFINITE_RECURSION = YES;
				CLANG_WARN_INT_CONVERSION = YES;
				CLANG_WARN_NON_LITERAL_NULL_CONVERSION = YES;
				CLANG_WARN_OBJC_IMPLICIT_RETAIN_SELF = YES;
				CLANG_WARN_OBJC_LITERAL_CONVERSION = YES;
				CLANG_WARN_OBJC_ROOT_CLASS = YES_ERROR;
				CLANG_WARN_RANGE_LOOP_ANALYSIS = YES;
				CLANG_WARN_STRICT_PROTOTYPES = YES;
				CLANG_WARN_SUSPICIOUS_MOVE = YES;
				CLANG_WARN_UNGUARDED_AVAILABILITY = YES_AGGRESSIVE;
				CLANG_WARN_UNREACHABLE_CODE = YES;
				CLANG_WARN__DUPLICATE_METHOD_MATCH = YES;
				CODE_SIGN_IDENTITY = "iPhone Developer";
				COPY_PHASE_STRIP = NO;
				DEBUG_INFORMATION_FORMAT = dwarf;
				ENABLE_STRICT_OBJC_MSGSEND = YES;
				ENABLE_TESTABILITY = YES;
				GCC_C_LANGUAGE_STANDARD = gnu11;
				GCC_DYNAMIC_NO_PIC = NO;
				GCC_NO_COMMON_BLOCKS = YES;
				GCC_OPTIMIZATION_LEVEL = 0;
				GCC_PREPROCESSOR_DEFINITIONS = (
					"DEBUG=1",
					"$(inherited)",
				);
				GCC_WARN_64_TO_32_BIT_CONVERSION = YES;
				GCC_WARN_ABOUT_RETURN_TYPE = YES_ERROR;
				GCC_WARN_UNDECLARED_SELECTOR = YES;
				GCC_WARN_UNINITIALIZED_AUTOS = YES_AGGRESSIVE;
				GCC_WARN_UNUSED_FUNCTION = YES;
				GCC_WARN_UNUSED_VARIABLE = YES;
				IPHONEOS_DEPLOYMENT_TARGET = 11.4;
				MTL_ENABLE_DEBUG_INFO = YES;
				ONLY_ACTIVE_ARCH = YES;
				SDKROOT = iphoneos;
			};
			name = Debug;
		};
		24293E79219924C2008958B6 /* Release */ = {
			isa = XCBuildConfiguration;
			buildSettings = {
				ALWAYS_SEARCH_USER_PATHS = NO;
				CLANG_ANALYZER_NONNULL = YES;
				CLANG_ANALYZER_NUMBER_OBJECT_CONVERSION = YES_AGGRESSIVE;
				CLANG_CXX_LANGUAGE_STANDARD = "gnu++14";
				CLANG_CXX_LIBRARY = "libc++";
				CLANG_ENABLE_MODULES = YES;
				CLANG_ENABLE_OBJC_ARC = YES;
				CLANG_ENABLE_OBJC_WEAK = YES;
				CLANG_WARN_BLOCK_CAPTURE_AUTORELEASING = YES;
				CLANG_WARN_BOOL_CONVERSION = YES;
				CLANG_WARN_COMMA = YES;
				CLANG_WARN_CONSTANT_CONVERSION = YES;
				CLANG_WARN_DEPRECATED_OBJC_IMPLEMENTATIONS = YES;
				CLANG_WARN_DIRECT_OBJC_ISA_USAGE = YES_ERROR;
				CLANG_WARN_DOCUMENTATION_COMMENTS = YES;
				CLANG_WARN_EMPTY_BODY = YES;
				CLANG_WARN_ENUM_CONVERSION = YES;
				CLANG_WARN_INFINITE_RECURSION = YES;
				CLANG_WARN_INT_CONVERSION = YES;
				CLANG_WARN_NON_LITERAL_NULL_CONVERSION = YES;
				CLANG_WARN_OBJC_IMPLICIT_RETAIN_SELF = YES;
				CLANG_WARN_OBJC_LITERAL_CONVERSION = YES;
				CLANG_WARN_OBJC_ROOT_CLASS = YES_ERROR;
				CLANG_WARN_RANGE_LOOP_ANALYSIS = YES;
				CLANG_WARN_STRICT_PROTOTYPES = YES;
				CLANG_WARN_SUSPICIOUS_MOVE = YES;
				CLANG_WARN_UNGUARDED_AVAILABILITY = YES_AGGRESSIVE;
				CLANG_WARN_UNREACHABLE_CODE = YES;
				CLANG_WARN__DUPLICATE_METHOD_MATCH = YES;
				CODE_SIGN_IDENTITY = "iPhone Developer";
				COPY_PHASE_STRIP = NO;
				DEBUG_INFORMATION_FORMAT = "dwarf-with-dsym";
				ENABLE_NS_ASSERTIONS = NO;
				ENABLE_STRICT_OBJC_MSGSEND = YES;
				GCC_C_LANGUAGE_STANDARD = gnu11;
				GCC_NO_COMMON_BLOCKS = YES;
				GCC_WARN_64_TO_32_BIT_CONVERSION = YES;
				GCC_WARN_ABOUT_RETURN_TYPE = YES_ERROR;
				GCC_WARN_UNDECLARED_SELECTOR = YES;
				GCC_WARN_UNINITIALIZED_AUTOS = YES_AGGRESSIVE;
				GCC_WARN_UNUSED_FUNCTION = YES;
				GCC_WARN_UNUSED_VARIABLE = YES;
				IPHONEOS_DEPLOYMENT_TARGET = 11.4;
				MTL_ENABLE_DEBUG_INFO = NO;
				SDKROOT = iphoneos;
				VALIDATE_PRODUCT = YES;
			};
			name = Release;
		};
		24293E7B219924C2008958B6 /* Debug */ = {
			isa = XCBuildConfiguration;
			baseConfigurationReference = 6D95C06EDDA4DA362899B82E /* Pods-VideoEditDemo.debug.xcconfig */;
			buildSettings = {
				ASSETCATALOG_COMPILER_APPICON_NAME = AppIcon;
				CODE_SIGN_STYLE = Automatic;
				DEVELOPMENT_TEAM = HT4QVFAHAT;
				GCC_PRECOMPILE_PREFIX_HEADER = YES;
				GCC_PREFIX_HEADER = "$(SRCROOT)/VideoEditDemo/XNGVideoEdit-Prefix.pch";
				GCC_PREPROCESSOR_DEFINITIONS = (
					"$(inherited)",
					"COCOAPODS=1",
					"OPEN_LOG=1",
				);
				INFOPLIST_FILE = VideoEditDemo/Info.plist;
				LD_RUNPATH_SEARCH_PATHS = (
					"$(inherited)",
					"@executable_path/Frameworks",
				);
				PRODUCT_BUNDLE_IDENTIFIER = com.xiaoniangao.VideoEditDemo;
				PRODUCT_NAME = "$(TARGET_NAME)";
				TARGETED_DEVICE_FAMILY = "1,2";
			};
			name = Debug;
		};
		24293E7C219924C2008958B6 /* Release */ = {
			isa = XCBuildConfiguration;
			baseConfigurationReference = FE9CF6DD108381652B331000 /* Pods-VideoEditDemo.release.xcconfig */;
			buildSettings = {
				ASSETCATALOG_COMPILER_APPICON_NAME = AppIcon;
				CODE_SIGN_STYLE = Automatic;
				DEVELOPMENT_TEAM = HT4QVFAHAT;
				GCC_PRECOMPILE_PREFIX_HEADER = YES;
				GCC_PREFIX_HEADER = "$(SRCROOT)/VideoEditDemo/XNGVideoEdit-Prefix.pch";
				INFOPLIST_FILE = VideoEditDemo/Info.plist;
				LD_RUNPATH_SEARCH_PATHS = (
					"$(inherited)",
					"@executable_path/Frameworks",
				);
				PRODUCT_BUNDLE_IDENTIFIER = com.xiaoniangao.VideoEditDemo;
				PRODUCT_NAME = "$(TARGET_NAME)";
				TARGETED_DEVICE_FAMILY = "1,2";
			};
			name = Release;
		};
/* End XCBuildConfiguration section */

/* Begin XCConfigurationList section */
		24293E5F219924C0008958B6 /* Build configuration list for PBXProject "VideoEditDemo" */ = {
			isa = XCConfigurationList;
			buildConfigurations = (
				24293E78219924C2008958B6 /* Debug */,
				24293E79219924C2008958B6 /* Release */,
			);
			defaultConfigurationIsVisible = 0;
			defaultConfigurationName = Release;
		};
		24293E7A219924C2008958B6 /* Build configuration list for PBXNativeTarget "VideoEditDemo" */ = {
			isa = XCConfigurationList;
			buildConfigurations = (
				24293E7B219924C2008958B6 /* Debug */,
				24293E7C219924C2008958B6 /* Release */,
			);
			defaultConfigurationIsVisible = 0;
			defaultConfigurationName = Release;
		};
/* End XCConfigurationList section */
	};
	rootObject = 24293E5C219924C0008958B6 /* Project object */;
}
